
Microsoft Visual Studio Solution File, Format Version 12.00
Project("{FAE04EC0-301F-11D3-BF4B-00C04F79EFBC}") = "AwesomeShop.Services.Orders.Core", "AwesomeShop.Services.Orders.Core\AwesomeShop.Services.Orders.Core.csproj", "{F81C941A-3BE7-4E34-AFA3-CCEA2F9C92DA}"
EndProject
Project("{FAE04EC0-301F-11D3-BF4B-00C04F79EFBC}") = "AwesomeShop.Services.Orders.Application", "AwesomeShop.Services.Orders.Application\AwesomeShop.Services.Orders.Application.csproj", "{63728D49-E225-4147-9DD1-974023F9C9AD}"
EndProject
Project("{FAE04EC0-301F-11D3-BF4B-00C04F79EFBC}") = "AwesomeShop.Services.Orders.Api", "AwesomeShop.Services.Orders.Api\AwesomeShop.Services.Orders.Api.csproj", "{330F0D8E-47B6-4356-BE94-11948CBAD54A}"
EndProject
Project("{FAE04EC0-301F-11D3-BF4B-00C04F79EFBC}") = "AwesomeShop.Services.Orders.Infrastructure", "AwesomeShop.Services.Orders.Infrastructure\AwesomeShop.Services.Orders.Infrastructure.csproj", "{0BE52522-1093-40C8-BC93-8CCBACF06EED}"
EndProject
Global
	GlobalSection(SolutionConfigurationPlatforms) = preSolution
		Debug|Any CPU = Debug|Any CPU
		Release|Any CPU = Release|Any CPU
	EndGlobalSection
	GlobalSection(ProjectConfigurationPlatforms) = postSolution
		{F81C941A-3BE7-4E34-AFA3-CCEA2F9C92DA}.Debug|Any CPU.ActiveCfg = Debug|Any CPU
		{F81C941A-3BE7-4E34-AFA3-CCEA2F9C92DA}.Debug|Any CPU.Build.0 = Debug|Any CPU
		{F81C941A-3BE7-4E34-AFA3-CCEA2F9C92DA}.Release|Any CPU.ActiveCfg = Release|Any CPU
		{F81C941A-3BE7-4E34-AFA3-CCEA2F9C92DA}.Release|Any CPU.Build.0 = Release|Any CPU
		{63728D49-E225-4147-9DD1-974023F9C9AD}.Debug|Any CPU.ActiveCfg = Debug|Any CPU
		{63728D49-E225-4147-9DD1-974023F9C9AD}.Debug|Any CPU.Build.0 = Debug|Any CPU
		{63728D49-E225-4147-9DD1-974023F9C9AD}.Release|Any CPU.ActiveCfg = Release|Any CPU
		{63728D49-E225-4147-9DD1-974023F9C9AD}.Release|Any CPU.Build.0 = Release|Any CPU
		{330F0D8E-47B6-4356-BE94-11948CBAD54A}.Debug|Any CPU.ActiveCfg = Debug|Any CPU
		{330F0D8E-47B6-4356-BE94-11948CBAD54A}.Debug|Any CPU.Build.0 = Debug|Any CPU
		{330F0D8E-47B6-4356-BE94-11948CBAD54A}.Release|Any CPU.ActiveCfg = Release|Any CPU
		{330F0D8E-47B6-4356-BE94-11948CBAD54A}.Release|Any CPU.Build.0 = Release|Any CPU
		{0BE52522-1093-40C8-BC93-8CCBACF06EED}.Debug|Any CPU.ActiveCfg = Debug|Any CPU
		{0BE52522-1093-40C8-BC93-8CCBACF06EED}.Debug|Any CPU.Build.0 = Debug|Any CPU
		{0BE52522-1093-40C8-BC93-8CCBACF06EED}.Release|Any CPU.ActiveCfg = Release|Any CPU
		{0BE52522-1093-40C8-BC93-8CCBACF06EED}.Release|Any CPU.Build.0 = Release|Any CPU
	EndGlobalSection
EndGlobal
